// !$*UTF8*$!
{
	archiveVersion = 1;
	classes = {
	};
	objectVersion = 46;
	objects = {

/* Begin PBXBuildFile section */
		259356CE1BFD3E8D00F49474 /* DONSecrets.m in Sources */ = {isa = PBXBuildFile; fileRef = 25881C201BFCE58A00C4E2AD /* DONSecrets.m */; };
		259356D11BFD3FA100F49474 /* DONAddItemViewController.m in Sources */ = {isa = PBXBuildFile; fileRef = 259356D01BFD3FA100F49474 /* DONAddItemViewController.m */; };
		2D71FA1EC08CBCB5BD12657F /* Pods_DonateApp.framework in Frameworks */ = {isa = PBXBuildFile; fileRef = D13AD95DE8CDBF32E94ED641 /* Pods_DonateApp.framework */; };
		4B1101BD1C0F527900B8B59E /* video.mp4 in Resources */ = {isa = PBXBuildFile; fileRef = 4B1101BC1C0F527900B8B59E /* video.mp4 */; };
		4B2B21241C0CC6E900DBCE23 /* Laurent.storyboard in Resources */ = {isa = PBXBuildFile; fileRef = 4B2B21231C0CC6E900DBCE23 /* Laurent.storyboard */; };
		4B2B212A1C0CC7AC00DBCE23 /* DONWelcomeScreenViewController.swift in Sources */ = {isa = PBXBuildFile; fileRef = 4B2B21261C0CC7AC00DBCE23 /* DONWelcomeScreenViewController.swift */; };
		4B2B212B1C0CC7AC00DBCE23 /* DONForgetPasswordViewController.swift in Sources */ = {isa = PBXBuildFile; fileRef = 4B2B21271C0CC7AC00DBCE23 /* DONForgetPasswordViewController.swift */; };
		4B2B212D1C0CC7AC00DBCE23 /* DONSignUpScreenViewController.swift in Sources */ = {isa = PBXBuildFile; fileRef = 4B2B21291C0CC7AC00DBCE23 /* DONSignUpScreenViewController.swift */; };
		614A96C61BFCE72300BD543A /* LaunchScreen.storyboard in Resources */ = {isa = PBXBuildFile; fileRef = 614A96C41BFCE72300BD543A /* LaunchScreen.storyboard */; };
		614A96C71BFCE72300BD543A /* Main.storyboard in Resources */ = {isa = PBXBuildFile; fileRef = 614A96C51BFCE72300BD543A /* Main.storyboard */; };
		614A96C91BFCE74F00BD543A /* DONAppDelegate.m in Sources */ = {isa = PBXBuildFile; fileRef = 614A96C81BFCE74F00BD543A /* DONAppDelegate.m */; };
		614A96CD1BFCF87D00BD543A /* DONUserProfileViewController.m in Sources */ = {isa = PBXBuildFile; fileRef = 614A96CC1BFCF87D00BD543A /* DONUserProfileViewController.m */; };
		614A96D01BFD2AF500BD543A /* DONUserSettingsTableViewController.m in Sources */ = {isa = PBXBuildFile; fileRef = 614A96CF1BFD2AF500BD543A /* DONUserSettingsTableViewController.m */; };
		614A96D31BFE157000BD543A /* DONUserSettingsUpdateViewController.m in Sources */ = {isa = PBXBuildFile; fileRef = 614A96D21BFE157000BD543A /* DONUserSettingsUpdateViewController.m */; };
		614A96D61BFE333B00BD543A /* DONSettingsEnum.h in Sources */ = {isa = PBXBuildFile; fileRef = 614A96D51BFE333B00BD543A /* DONSettingsEnum.h */; };
		614A96D91BFE645400BD543A /* DONViewOtherUserProfileViewController.m in Sources */ = {isa = PBXBuildFile; fileRef = 614A96D81BFE645400BD543A /* DONViewOtherUserProfileViewController.m */; };
		614B17541BFF61C40001D231 /* DONCategory.m in Sources */ = {isa = PBXBuildFile; fileRef = 614B17531BFF61C40001D231 /* DONCategory.m */; };
		614FF1AB1C05FE71004C74E1 /* DONViewItemDescriptionView.m in Sources */ = {isa = PBXBuildFile; fileRef = 614FF1AA1C05FE71004C74E1 /* DONViewItemDescriptionView.m */; };
		614FF1AE1C060235004C74E1 /* DONLocationController.m in Sources */ = {isa = PBXBuildFile; fileRef = 614FF1AD1C060235004C74E1 /* DONLocationController.m */; };
		614FF1B11C069953004C74E1 /* DONViewItemMapView.m in Sources */ = {isa = PBXBuildFile; fileRef = 614FF1B01C069953004C74E1 /* DONViewItemMapView.m */; };
		617E92111C15F54D001CE84E /* DONCollectionViewDataModel.m in Sources */ = {isa = PBXBuildFile; fileRef = 617E92101C15F54D001CE84E /* DONCollectionViewDataModel.m */; };
		61C574691BFBC88F00D80141 /* main.m in Sources */ = {isa = PBXBuildFile; fileRef = 61C574681BFBC88F00D80141 /* main.m */; };
		61C574741BFBC88F00D80141 /* Assets.xcassets in Resources */ = {isa = PBXBuildFile; fileRef = 61C574731BFBC88F00D80141 /* Assets.xcassets */; };
		61C574831BFBCBCB00D80141 /* Mickey.storyboard in Resources */ = {isa = PBXBuildFile; fileRef = 61C574821BFBCBCB00D80141 /* Mickey.storyboard */; };
		61C574851BFBCBD000D80141 /* Guang.storyboard in Resources */ = {isa = PBXBuildFile; fileRef = 61C574841BFBCBD000D80141 /* Guang.storyboard */; };
		61C574891BFBCBDA00D80141 /* Jon.storyboard in Resources */ = {isa = PBXBuildFile; fileRef = 61C574881BFBCBDA00D80141 /* Jon.storyboard */; };
		61C5748C1BFBCC2A00D80141 /* DONMainViewController.m in Sources */ = {isa = PBXBuildFile; fileRef = 61C5748B1BFBCC2A00D80141 /* DONMainViewController.m */; };
		61C5748F1BFBE4C500D80141 /* DONUser.m in Sources */ = {isa = PBXBuildFile; fileRef = 61C5748E1BFBE4C500D80141 /* DONUser.m */; };
		61C574951BFC273E00D80141 /* DONItem.m in Sources */ = {isa = PBXBuildFile; fileRef = 61C574941BFC273E00D80141 /* DONItem.m */; };
		61DA474B1C10B82100A8B23A /* DONProfileItemCollectionViewController.m in Sources */ = {isa = PBXBuildFile; fileRef = 61DA474A1C10B82100A8B23A /* DONProfileItemCollectionViewController.m */; };
		61DA474E1C10E74500A8B23A /* DONUserProfileItemCountView.m in Sources */ = {isa = PBXBuildFile; fileRef = 61DA474D1C10E74500A8B23A /* DONUserProfileItemCountView.m */; };
		6236680A1C051BC700327A9D /* DONDrawerViewController.m in Sources */ = {isa = PBXBuildFile; fileRef = 623668091C051BC700327A9D /* DONDrawerViewController.m */; };
		6236680D1C051C5400327A9D /* DONDrawerProfileView.m in Sources */ = {isa = PBXBuildFile; fileRef = 6236680C1C051C5400327A9D /* DONDrawerProfileView.m */; };
		6237E0611BFCD30500C5AD27 /* QueryCell.m in Sources */ = {isa = PBXBuildFile; fileRef = 6237E0601BFCD30500C5AD27 /* QueryCell.m */; };
		6237E0671BFCFBD500C5AD27 /* DonQueryCollectionViewController.m in Sources */ = {isa = PBXBuildFile; fileRef = 6237E0661BFCFBD500C5AD27 /* DonQueryCollectionViewController.m */; };
		6237E06B1BFCFFC600C5AD27 /* guang.collection.storyboard in Resources */ = {isa = PBXBuildFile; fileRef = 6237E06A1BFCFFC600C5AD27 /* guang.collection.storyboard */; };

		6247BDF51C15DE5E00FDFD3D /* 1447907507_clothing_accesories_clothes_fabric-03.png in Resources */ = {isa = PBXBuildFile; fileRef = 6247BDEB1C15DE5E00FDFD3D /* 1447907507_clothing_accesories_clothes_fabric-03.png */; };
		6247BDF61C15DE5E00FDFD3D /* book.png in Resources */ = {isa = PBXBuildFile; fileRef = 6247BDEC1C15DE5E00FDFD3D /* book.png */; };
		6247BDF71C15DE5E00FDFD3D /* clothing.png in Resources */ = {isa = PBXBuildFile; fileRef = 6247BDED1C15DE5E00FDFD3D /* clothing.png */; };
		6247BDF81C15DE5E00FDFD3D /* furniture.png in Resources */ = {isa = PBXBuildFile; fileRef = 6247BDEE1C15DE5E00FDFD3D /* furniture.png */; };
		6247BDF91C15DE5E00FDFD3D /* misc.png in Resources */ = {isa = PBXBuildFile; fileRef = 6247BDEF1C15DE5E00FDFD3D /* misc.png */; };
		6247BDFA1C15DE5E00FDFD3D /* music.png in Resources */ = {isa = PBXBuildFile; fileRef = 6247BDF01C15DE5E00FDFD3D /* music.png */; };
		6247BDFB1C15DE5E00FDFD3D /* noun_20227_cc.png in Resources */ = {isa = PBXBuildFile; fileRef = 6247BDF11C15DE5E00FDFD3D /* noun_20227_cc.png */; };
		6247BDFC1C15DE5E00FDFD3D /* noun_34134_cc.png in Resources */ = {isa = PBXBuildFile; fileRef = 6247BDF21C15DE5E00FDFD3D /* noun_34134_cc.png */; };
		6247BDFD1C15DE5E00FDFD3D /* plant.png in Resources */ = {isa = PBXBuildFile; fileRef = 6247BDF31C15DE5E00FDFD3D /* plant.png */; };
		6247BDFE1C15DE5E00FDFD3D /* utensil.png in Resources */ = {isa = PBXBuildFile; fileRef = 6247BDF41C15DE5E00FDFD3D /* utensil.png */; };
		6247BE001C1625BD00FDFD3D /* household.png in Resources */ = {isa = PBXBuildFile; fileRef = 6247BDFF1C1625BD00FDFD3D /* household.png */; };
		6247BE021C16274900FDFD3D /* electronics.png in Resources */ = {isa = PBXBuildFile; fileRef = 6247BE011C16274900FDFD3D /* electronics.png */; };
		6247BE091C162A3E00FDFD3D /* instrument.png in Resources */ = {isa = PBXBuildFile; fileRef = 6247BE041C162A3E00FDFD3D /* instrument.png */; };
		6247BE0A1C162A3E00FDFD3D /* game.png in Resources */ = {isa = PBXBuildFile; fileRef = 6247BE051C162A3E00FDFD3D /* game.png */; };
		6247BE0B1C162A3E00FDFD3D /* household.png in Resources */ = {isa = PBXBuildFile; fileRef = 6247BE061C162A3E00FDFD3D /* household.png */; };
		6247BE0C1C162A3E00FDFD3D /* sport.png in Resources */ = {isa = PBXBuildFile; fileRef = 6247BE071C162A3E00FDFD3D /* sport.png */; };
		6247BE0E1C1630C800FDFD3D /* Don-icon in Resources */ = {isa = PBXBuildFile; fileRef = 6247BE0D1C1630C800FDFD3D /* Don-icon */; };

		62697BE81C0CFACC004455CD /* DonContainerViewController.m in Sources */ = {isa = PBXBuildFile; fileRef = 62697BE71C0CFACC004455CD /* DonContainerViewController.m */; };
		62697BEB1C0CFDA2004455CD /* EmptySegue.m in Sources */ = {isa = PBXBuildFile; fileRef = 62697BEA1C0CFDA2004455CD /* EmptySegue.m */; };
		62697BEE1C0D00DC004455CD /* DonCollectionViewController.m in Sources */ = {isa = PBXBuildFile; fileRef = 62697BED1C0D00DC004455CD /* DonCollectionViewController.m */; };
		6284E0D51C051E57007A4CB1 /* DONItemViewController.m in Sources */ = {isa = PBXBuildFile; fileRef = 6284E0D41C051E57007A4CB1 /* DONItemViewController.m */; };
		6284E0D81C051E70007A4CB1 /* DonGoogleMapViewController.m in Sources */ = {isa = PBXBuildFile; fileRef = 6284E0D71C051E70007A4CB1 /* DonGoogleMapViewController.m */; };
		6284E0DB1C051E8C007A4CB1 /* MMExampleDrawerVisualStateManager.m in Sources */ = {isa = PBXBuildFile; fileRef = 6284E0DA1C051E8C007A4CB1 /* MMExampleDrawerVisualStateManager.m */; };
		6284E0E21C051EC2007A4CB1 /* DONItemStatsView.m in Sources */ = {isa = PBXBuildFile; fileRef = 6284E0DD1C051EC2007A4CB1 /* DONItemStatsView.m */; };
		6284E0E31C051EC2007A4CB1 /* DONViewItemButton.m in Sources */ = {isa = PBXBuildFile; fileRef = 6284E0DF1C051EC2007A4CB1 /* DONViewItemButton.m */; };
		6284E0E41C051EC2007A4CB1 /* DONViewItemUserProfileView.m in Sources */ = {isa = PBXBuildFile; fileRef = 6284E0E11C051EC2007A4CB1 /* DONViewItemUserProfileView.m */; };
		6284E0E71C051EDF007A4CB1 /* DONActivity.m in Sources */ = {isa = PBXBuildFile; fileRef = 6284E0E61C051EDF007A4CB1 /* DONActivity.m */; };

		6284E0E91C051F2C007A4CB1 /* furniture.png in Resources */ = {isa = PBXBuildFile; fileRef = 6284E0E81C051F2C007A4CB1 /* furniture.png */; };
		6284E0EB1C051F4F007A4CB1 /* music.png in Resources */ = {isa = PBXBuildFile; fileRef = 6284E0EA1C051F4F007A4CB1 /* music.png */; };

		6284E0EF1C06876B007A4CB1 /* DonInfowindow.xib in Resources */ = {isa = PBXBuildFile; fileRef = 6284E0EE1C06876B007A4CB1 /* DonInfowindow.xib */; };
		6284E0F61C06A49C007A4CB1 /* DonInfowindow.m in Sources */ = {isa = PBXBuildFile; fileRef = 6284E0F51C06A49C007A4CB1 /* DonInfowindow.m */; };
		62B45AF51BFE20480007D314 /* SearchCell.m in Sources */ = {isa = PBXBuildFile; fileRef = 62B45AF41BFE20480007D314 /* SearchCell.m */; };
		62B45AF91BFF6CDF0007D314 /* Settings.bundle in Resources */ = {isa = PBXBuildFile; fileRef = 62B45AF81BFF6CDF0007D314 /* Settings.bundle */; };
		62B45AFE1BFF6E4F0007D314 /* guang.map.Storyboard in Resources */ = {isa = PBXBuildFile; fileRef = 62B45AFD1BFF6E4F0007D314 /* guang.map.Storyboard */; };
/* End PBXBuildFile section */

/* Begin PBXFileReference section */
		25881C201BFCE58A00C4E2AD /* DONSecrets.m */ = {isa = PBXFileReference; fileEncoding = 4; lastKnownFileType = sourcecode.c.objc; path = DONSecrets.m; sourceTree = "<group>"; };
		259356CF1BFD3FA100F49474 /* DONAddItemViewController.h */ = {isa = PBXFileReference; fileEncoding = 4; lastKnownFileType = sourcecode.c.h; name = DONAddItemViewController.h; path = ../Storyboards/DONAddItemViewController.h; sourceTree = "<group>"; };
		259356D01BFD3FA100F49474 /* DONAddItemViewController.m */ = {isa = PBXFileReference; fileEncoding = 4; lastKnownFileType = sourcecode.c.objc; name = DONAddItemViewController.m; path = ../Storyboards/DONAddItemViewController.m; sourceTree = "<group>"; };
		43DC9E76B0808AD45B0DDCE2 /* Pods-DonateApp.release.xcconfig */ = {isa = PBXFileReference; includeInIndex = 1; lastKnownFileType = text.xcconfig; name = "Pods-DonateApp.release.xcconfig"; path = "Pods/Target Support Files/Pods-DonateApp/Pods-DonateApp.release.xcconfig"; sourceTree = "<group>"; };
		4B1101BC1C0F527900B8B59E /* video.mp4 */ = {isa = PBXFileReference; lastKnownFileType = file; path = video.mp4; sourceTree = "<group>"; };
		4B2B21231C0CC6E900DBCE23 /* Laurent.storyboard */ = {isa = PBXFileReference; fileEncoding = 4; lastKnownFileType = file.storyboard; path = Laurent.storyboard; sourceTree = "<group>"; };
		4B2B21251C0CC7AC00DBCE23 /* DonateApp-Bridging-Header.h */ = {isa = PBXFileReference; lastKnownFileType = sourcecode.c.h; path = "DonateApp-Bridging-Header.h"; sourceTree = "<group>"; };
		4B2B21261C0CC7AC00DBCE23 /* DONWelcomeScreenViewController.swift */ = {isa = PBXFileReference; fileEncoding = 4; lastKnownFileType = sourcecode.swift; path = DONWelcomeScreenViewController.swift; sourceTree = "<group>"; };
		4B2B21271C0CC7AC00DBCE23 /* DONForgetPasswordViewController.swift */ = {isa = PBXFileReference; fileEncoding = 4; lastKnownFileType = sourcecode.swift; path = DONForgetPasswordViewController.swift; sourceTree = "<group>"; };
		4B2B21291C0CC7AC00DBCE23 /* DONSignUpScreenViewController.swift */ = {isa = PBXFileReference; fileEncoding = 4; lastKnownFileType = sourcecode.swift; path = DONSignUpScreenViewController.swift; sourceTree = "<group>"; };
		614A96C41BFCE72300BD543A /* LaunchScreen.storyboard */ = {isa = PBXFileReference; fileEncoding = 4; lastKnownFileType = file.storyboard; path = LaunchScreen.storyboard; sourceTree = "<group>"; };
		614A96C51BFCE72300BD543A /* Main.storyboard */ = {isa = PBXFileReference; fileEncoding = 4; lastKnownFileType = file.storyboard; path = Main.storyboard; sourceTree = "<group>"; };
		614A96C81BFCE74F00BD543A /* DONAppDelegate.m */ = {isa = PBXFileReference; fileEncoding = 4; lastKnownFileType = sourcecode.c.objc; path = DONAppDelegate.m; sourceTree = "<group>"; };
		614A96CB1BFCF87D00BD543A /* DONUserProfileViewController.h */ = {isa = PBXFileReference; fileEncoding = 4; lastKnownFileType = sourcecode.c.h; path = DONUserProfileViewController.h; sourceTree = "<group>"; };
		614A96CC1BFCF87D00BD543A /* DONUserProfileViewController.m */ = {isa = PBXFileReference; fileEncoding = 4; lastKnownFileType = sourcecode.c.objc; path = DONUserProfileViewController.m; sourceTree = "<group>"; };
		614A96CE1BFD2AF500BD543A /* DONUserSettingsTableViewController.h */ = {isa = PBXFileReference; fileEncoding = 4; lastKnownFileType = sourcecode.c.h; path = DONUserSettingsTableViewController.h; sourceTree = "<group>"; };
		614A96CF1BFD2AF500BD543A /* DONUserSettingsTableViewController.m */ = {isa = PBXFileReference; fileEncoding = 4; lastKnownFileType = sourcecode.c.objc; path = DONUserSettingsTableViewController.m; sourceTree = "<group>"; };
		614A96D11BFE157000BD543A /* DONUserSettingsUpdateViewController.h */ = {isa = PBXFileReference; fileEncoding = 4; lastKnownFileType = sourcecode.c.h; path = DONUserSettingsUpdateViewController.h; sourceTree = "<group>"; };
		614A96D21BFE157000BD543A /* DONUserSettingsUpdateViewController.m */ = {isa = PBXFileReference; fileEncoding = 4; lastKnownFileType = sourcecode.c.objc; path = DONUserSettingsUpdateViewController.m; sourceTree = "<group>"; };
		614A96D51BFE333B00BD543A /* DONSettingsEnum.h */ = {isa = PBXFileReference; fileEncoding = 4; lastKnownFileType = sourcecode.c.h; path = DONSettingsEnum.h; sourceTree = "<group>"; };
		614A96D71BFE645400BD543A /* DONViewOtherUserProfileViewController.h */ = {isa = PBXFileReference; fileEncoding = 4; lastKnownFileType = sourcecode.c.h; path = DONViewOtherUserProfileViewController.h; sourceTree = "<group>"; };
		614A96D81BFE645400BD543A /* DONViewOtherUserProfileViewController.m */ = {isa = PBXFileReference; fileEncoding = 4; lastKnownFileType = sourcecode.c.objc; path = DONViewOtherUserProfileViewController.m; sourceTree = "<group>"; };
		614B17521BFF61C40001D231 /* DONCategory.h */ = {isa = PBXFileReference; fileEncoding = 4; lastKnownFileType = sourcecode.c.h; path = DONCategory.h; sourceTree = "<group>"; };
		614B17531BFF61C40001D231 /* DONCategory.m */ = {isa = PBXFileReference; fileEncoding = 4; lastKnownFileType = sourcecode.c.objc; path = DONCategory.m; sourceTree = "<group>"; };
		614FF1A91C05FE71004C74E1 /* DONViewItemDescriptionView.h */ = {isa = PBXFileReference; fileEncoding = 4; lastKnownFileType = sourcecode.c.h; path = DONViewItemDescriptionView.h; sourceTree = "<group>"; };
		614FF1AA1C05FE71004C74E1 /* DONViewItemDescriptionView.m */ = {isa = PBXFileReference; fileEncoding = 4; lastKnownFileType = sourcecode.c.objc; path = DONViewItemDescriptionView.m; sourceTree = "<group>"; };
		614FF1AC1C060235004C74E1 /* DONLocationController.h */ = {isa = PBXFileReference; fileEncoding = 4; lastKnownFileType = sourcecode.c.h; path = DONLocationController.h; sourceTree = "<group>"; };
		614FF1AD1C060235004C74E1 /* DONLocationController.m */ = {isa = PBXFileReference; fileEncoding = 4; lastKnownFileType = sourcecode.c.objc; path = DONLocationController.m; sourceTree = "<group>"; };
		614FF1AF1C069953004C74E1 /* DONViewItemMapView.h */ = {isa = PBXFileReference; fileEncoding = 4; lastKnownFileType = sourcecode.c.h; path = DONViewItemMapView.h; sourceTree = "<group>"; };
		614FF1B01C069953004C74E1 /* DONViewItemMapView.m */ = {isa = PBXFileReference; fileEncoding = 4; lastKnownFileType = sourcecode.c.objc; path = DONViewItemMapView.m; sourceTree = "<group>"; };
		617E920F1C15F54D001CE84E /* DONCollectionViewDataModel.h */ = {isa = PBXFileReference; fileEncoding = 4; lastKnownFileType = sourcecode.c.h; path = DONCollectionViewDataModel.h; sourceTree = "<group>"; };
		617E92101C15F54D001CE84E /* DONCollectionViewDataModel.m */ = {isa = PBXFileReference; fileEncoding = 4; lastKnownFileType = sourcecode.c.objc; path = DONCollectionViewDataModel.m; sourceTree = "<group>"; };
		61C574641BFBC88F00D80141 /* DonateApp.app */ = {isa = PBXFileReference; explicitFileType = wrapper.application; includeInIndex = 0; path = DonateApp.app; sourceTree = BUILT_PRODUCTS_DIR; };
		61C574681BFBC88F00D80141 /* main.m */ = {isa = PBXFileReference; lastKnownFileType = sourcecode.c.objc; path = main.m; sourceTree = "<group>"; };
		61C5746A1BFBC88F00D80141 /* DONAppDelegate.h */ = {isa = PBXFileReference; lastKnownFileType = sourcecode.c.h; path = DONAppDelegate.h; sourceTree = "<group>"; };
		61C574731BFBC88F00D80141 /* Assets.xcassets */ = {isa = PBXFileReference; lastKnownFileType = folder.assetcatalog; path = Assets.xcassets; sourceTree = "<group>"; };
		61C574781BFBC88F00D80141 /* Info.plist */ = {isa = PBXFileReference; lastKnownFileType = text.plist.xml; path = Info.plist; sourceTree = "<group>"; };
		61C574821BFBCBCB00D80141 /* Mickey.storyboard */ = {isa = PBXFileReference; fileEncoding = 4; lastKnownFileType = file.storyboard; path = Mickey.storyboard; sourceTree = "<group>"; };
		61C574841BFBCBD000D80141 /* Guang.storyboard */ = {isa = PBXFileReference; fileEncoding = 4; lastKnownFileType = file.storyboard; path = Guang.storyboard; sourceTree = "<group>"; };
		61C574881BFBCBDA00D80141 /* Jon.storyboard */ = {isa = PBXFileReference; fileEncoding = 4; lastKnownFileType = file.storyboard; path = Jon.storyboard; sourceTree = "<group>"; };
		61C5748A1BFBCC2A00D80141 /* DONMainViewController.h */ = {isa = PBXFileReference; fileEncoding = 4; lastKnownFileType = sourcecode.c.h; path = DONMainViewController.h; sourceTree = "<group>"; };
		61C5748B1BFBCC2A00D80141 /* DONMainViewController.m */ = {isa = PBXFileReference; fileEncoding = 4; lastKnownFileType = sourcecode.c.objc; path = DONMainViewController.m; sourceTree = "<group>"; };
		61C5748D1BFBE4C500D80141 /* DONUser.h */ = {isa = PBXFileReference; fileEncoding = 4; lastKnownFileType = sourcecode.c.h; path = DONUser.h; sourceTree = "<group>"; };
		61C5748E1BFBE4C500D80141 /* DONUser.m */ = {isa = PBXFileReference; fileEncoding = 4; lastKnownFileType = sourcecode.c.objc; path = DONUser.m; sourceTree = "<group>"; };
		61C574921BFBE7E100D80141 /* DONSecrets.h */ = {isa = PBXFileReference; lastKnownFileType = sourcecode.c.h; path = DONSecrets.h; sourceTree = "<group>"; };
		61C574931BFC273E00D80141 /* DONItem.h */ = {isa = PBXFileReference; fileEncoding = 4; lastKnownFileType = sourcecode.c.h; path = DONItem.h; sourceTree = "<group>"; };
		61C574941BFC273E00D80141 /* DONItem.m */ = {isa = PBXFileReference; fileEncoding = 4; lastKnownFileType = sourcecode.c.objc; path = DONItem.m; sourceTree = "<group>"; };
		61DA47491C10B82100A8B23A /* DONProfileItemCollectionViewController.h */ = {isa = PBXFileReference; fileEncoding = 4; lastKnownFileType = sourcecode.c.h; path = DONProfileItemCollectionViewController.h; sourceTree = "<group>"; };
		61DA474A1C10B82100A8B23A /* DONProfileItemCollectionViewController.m */ = {isa = PBXFileReference; fileEncoding = 4; lastKnownFileType = sourcecode.c.objc; path = DONProfileItemCollectionViewController.m; sourceTree = "<group>"; };
		61DA474C1C10E74500A8B23A /* DONUserProfileItemCountView.h */ = {isa = PBXFileReference; fileEncoding = 4; lastKnownFileType = sourcecode.c.h; path = DONUserProfileItemCountView.h; sourceTree = "<group>"; };
		61DA474D1C10E74500A8B23A /* DONUserProfileItemCountView.m */ = {isa = PBXFileReference; fileEncoding = 4; lastKnownFileType = sourcecode.c.objc; path = DONUserProfileItemCountView.m; sourceTree = "<group>"; };
		623668081C051BC700327A9D /* DONDrawerViewController.h */ = {isa = PBXFileReference; fileEncoding = 4; lastKnownFileType = sourcecode.c.h; path = DONDrawerViewController.h; sourceTree = "<group>"; };
		623668091C051BC700327A9D /* DONDrawerViewController.m */ = {isa = PBXFileReference; fileEncoding = 4; lastKnownFileType = sourcecode.c.objc; path = DONDrawerViewController.m; sourceTree = "<group>"; };
		6236680B1C051C2200327A9D /* DONDrawerProfileView.h */ = {isa = PBXFileReference; lastKnownFileType = sourcecode.c.h; name = DONDrawerProfileView.h; path = "View Controllers/DONDrawerProfileView.h"; sourceTree = "<group>"; };
		6236680C1C051C5400327A9D /* DONDrawerProfileView.m */ = {isa = PBXFileReference; fileEncoding = 4; lastKnownFileType = sourcecode.c.objc; name = DONDrawerProfileView.m; path = "View Controllers/DONDrawerProfileView.m"; sourceTree = "<group>"; };
		6237E05F1BFCD30500C5AD27 /* QueryCell.h */ = {isa = PBXFileReference; fileEncoding = 4; lastKnownFileType = sourcecode.c.h; path = QueryCell.h; sourceTree = "<group>"; };
		6237E0601BFCD30500C5AD27 /* QueryCell.m */ = {isa = PBXFileReference; fileEncoding = 4; lastKnownFileType = sourcecode.c.objc; path = QueryCell.m; sourceTree = "<group>"; };
		6237E0651BFCFBD500C5AD27 /* DonQueryCollectionViewController.h */ = {isa = PBXFileReference; fileEncoding = 4; lastKnownFileType = sourcecode.c.h; path = DonQueryCollectionViewController.h; sourceTree = "<group>"; };
		6237E0661BFCFBD500C5AD27 /* DonQueryCollectionViewController.m */ = {isa = PBXFileReference; fileEncoding = 4; lastKnownFileType = sourcecode.c.objc; path = DonQueryCollectionViewController.m; sourceTree = "<group>"; };
		6237E06A1BFCFFC600C5AD27 /* guang.collection.storyboard */ = {isa = PBXFileReference; fileEncoding = 4; lastKnownFileType = file.storyboard; path = guang.collection.storyboard; sourceTree = "<group>"; };
		62697BE61C0CFACC004455CD /* DonContainerViewController.h */ = {isa = PBXFileReference; fileEncoding = 4; lastKnownFileType = sourcecode.c.h; path = DonContainerViewController.h; sourceTree = "<group>"; };
		62697BE71C0CFACC004455CD /* DonContainerViewController.m */ = {isa = PBXFileReference; fileEncoding = 4; lastKnownFileType = sourcecode.c.objc; path = DonContainerViewController.m; sourceTree = "<group>"; };
		62697BE91C0CFDA2004455CD /* EmptySegue.h */ = {isa = PBXFileReference; fileEncoding = 4; lastKnownFileType = sourcecode.c.h; path = EmptySegue.h; sourceTree = "<group>"; };
		62697BEA1C0CFDA2004455CD /* EmptySegue.m */ = {isa = PBXFileReference; fileEncoding = 4; lastKnownFileType = sourcecode.c.objc; path = EmptySegue.m; sourceTree = "<group>"; };
		62697BEC1C0D00DC004455CD /* DonCollectionViewController.h */ = {isa = PBXFileReference; fileEncoding = 4; lastKnownFileType = sourcecode.c.h; path = DonCollectionViewController.h; sourceTree = "<group>"; };
		62697BED1C0D00DC004455CD /* DonCollectionViewController.m */ = {isa = PBXFileReference; fileEncoding = 4; lastKnownFileType = sourcecode.c.objc; path = DonCollectionViewController.m; sourceTree = "<group>"; };
		6284E0D31C051E57007A4CB1 /* DONItemViewController.h */ = {isa = PBXFileReference; fileEncoding = 4; lastKnownFileType = sourcecode.c.h; path = DONItemViewController.h; sourceTree = "<group>"; };
		6284E0D41C051E57007A4CB1 /* DONItemViewController.m */ = {isa = PBXFileReference; fileEncoding = 4; lastKnownFileType = sourcecode.c.objc; path = DONItemViewController.m; sourceTree = "<group>"; };
		6284E0D61C051E70007A4CB1 /* DonGoogleMapViewController.h */ = {isa = PBXFileReference; fileEncoding = 4; lastKnownFileType = sourcecode.c.h; path = DonGoogleMapViewController.h; sourceTree = "<group>"; };
		6284E0D71C051E70007A4CB1 /* DonGoogleMapViewController.m */ = {isa = PBXFileReference; fileEncoding = 4; lastKnownFileType = sourcecode.c.objc; path = DonGoogleMapViewController.m; sourceTree = "<group>"; };
		6284E0D91C051E8C007A4CB1 /* MMExampleDrawerVisualStateManager.h */ = {isa = PBXFileReference; fileEncoding = 4; lastKnownFileType = sourcecode.c.h; name = MMExampleDrawerVisualStateManager.h; path = "View Controllers/MMExampleDrawerVisualStateManager.h"; sourceTree = "<group>"; };
		6284E0DA1C051E8C007A4CB1 /* MMExampleDrawerVisualStateManager.m */ = {isa = PBXFileReference; fileEncoding = 4; lastKnownFileType = sourcecode.c.objc; name = MMExampleDrawerVisualStateManager.m; path = "View Controllers/MMExampleDrawerVisualStateManager.m"; sourceTree = "<group>"; };
		6284E0DC1C051EC2007A4CB1 /* DONItemStatsView.h */ = {isa = PBXFileReference; fileEncoding = 4; lastKnownFileType = sourcecode.c.h; path = DONItemStatsView.h; sourceTree = "<group>"; };
		6284E0DD1C051EC2007A4CB1 /* DONItemStatsView.m */ = {isa = PBXFileReference; fileEncoding = 4; lastKnownFileType = sourcecode.c.objc; path = DONItemStatsView.m; sourceTree = "<group>"; };
		6284E0DE1C051EC2007A4CB1 /* DONViewItemButton.h */ = {isa = PBXFileReference; fileEncoding = 4; lastKnownFileType = sourcecode.c.h; path = DONViewItemButton.h; sourceTree = "<group>"; };
		6284E0DF1C051EC2007A4CB1 /* DONViewItemButton.m */ = {isa = PBXFileReference; fileEncoding = 4; lastKnownFileType = sourcecode.c.objc; path = DONViewItemButton.m; sourceTree = "<group>"; };
		6284E0E01C051EC2007A4CB1 /* DONViewItemUserProfileView.h */ = {isa = PBXFileReference; fileEncoding = 4; lastKnownFileType = sourcecode.c.h; path = DONViewItemUserProfileView.h; sourceTree = "<group>"; };
		6284E0E11C051EC2007A4CB1 /* DONViewItemUserProfileView.m */ = {isa = PBXFileReference; fileEncoding = 4; lastKnownFileType = sourcecode.c.objc; path = DONViewItemUserProfileView.m; sourceTree = "<group>"; };
		6284E0E51C051EDF007A4CB1 /* DONActivity.h */ = {isa = PBXFileReference; fileEncoding = 4; lastKnownFileType = sourcecode.c.h; path = DONActivity.h; sourceTree = "<group>"; };
		6284E0E61C051EDF007A4CB1 /* DONActivity.m */ = {isa = PBXFileReference; fileEncoding = 4; lastKnownFileType = sourcecode.c.objc; path = DONActivity.m; sourceTree = "<group>"; };
		6284E0E81C051F2C007A4CB1 /* furniture.png */ = {isa = PBXFileReference; lastKnownFileType = image.png; path = furniture.png; sourceTree = "<group>"; };
		6284E0EA1C051F4F007A4CB1 /* music.png */ = {isa = PBXFileReference; lastKnownFileType = image.png; path = music.png; sourceTree = "<group>"; };

		6284E0EE1C06876B007A4CB1 /* DonInfowindow.xib */ = {isa = PBXFileReference; fileEncoding = 4; lastKnownFileType = file.xib; path = DonInfowindow.xib; sourceTree = "<group>"; };
		6284E0F41C06A49C007A4CB1 /* DonInfowindow.h */ = {isa = PBXFileReference; fileEncoding = 4; lastKnownFileType = sourcecode.c.h; path = DonInfowindow.h; sourceTree = "<group>"; };
		6284E0F51C06A49C007A4CB1 /* DonInfowindow.m */ = {isa = PBXFileReference; fileEncoding = 4; lastKnownFileType = sourcecode.c.objc; path = DonInfowindow.m; sourceTree = "<group>"; };
		62B45AF31BFE20480007D314 /* SearchCell.h */ = {isa = PBXFileReference; fileEncoding = 4; lastKnownFileType = sourcecode.c.h; path = SearchCell.h; sourceTree = "<group>"; };
		62B45AF41BFE20480007D314 /* SearchCell.m */ = {isa = PBXFileReference; fileEncoding = 4; lastKnownFileType = sourcecode.c.objc; path = SearchCell.m; sourceTree = "<group>"; };
		62B45AF81BFF6CDF0007D314 /* Settings.bundle */ = {isa = PBXFileReference; lastKnownFileType = "wrapper.plug-in"; path = Settings.bundle; sourceTree = "<group>"; };
		62B45AFD1BFF6E4F0007D314 /* guang.map.Storyboard */ = {isa = PBXFileReference; fileEncoding = 4; lastKnownFileType = file.storyboard; path = guang.map.Storyboard; sourceTree = "<group>"; };
		D13AD95DE8CDBF32E94ED641 /* Pods_DonateApp.framework */ = {isa = PBXFileReference; explicitFileType = wrapper.framework; includeInIndex = 0; path = Pods_DonateApp.framework; sourceTree = BUILT_PRODUCTS_DIR; };
		FB99CF7E70277FCAE56AE9BA /* Pods-DonateApp.debug.xcconfig */ = {isa = PBXFileReference; includeInIndex = 1; lastKnownFileType = text.xcconfig; name = "Pods-DonateApp.debug.xcconfig"; path = "Pods/Target Support Files/Pods-DonateApp/Pods-DonateApp.debug.xcconfig"; sourceTree = "<group>"; };
/* End PBXFileReference section */

/* Begin PBXFrameworksBuildPhase section */
		61C574611BFBC88F00D80141 /* Frameworks */ = {
			isa = PBXFrameworksBuildPhase;
			buildActionMask = 2147483647;
			files = (
				2D71FA1EC08CBCB5BD12657F /* Pods_DonateApp.framework in Frameworks */,
			);
			runOnlyForDeploymentPostprocessing = 0;
		};
/* End PBXFrameworksBuildPhase section */

/* Begin PBXGroup section */
		4B2B212E1C0CFE7300DBCE23 /* Login Process - Swift Files */ = {
			isa = PBXGroup;
			children = (
				4B2B21261C0CC7AC00DBCE23 /* DONWelcomeScreenViewController.swift */,
				4B2B21271C0CC7AC00DBCE23 /* DONForgetPasswordViewController.swift */,
				4B2B21291C0CC7AC00DBCE23 /* DONSignUpScreenViewController.swift */,
			);
			name = "Login Process - Swift Files";
			sourceTree = "<group>";
		};
		4F378F0A51C55C7601FEC699 /* Frameworks */ = {
			isa = PBXGroup;
			children = (
				D13AD95DE8CDBF32E94ED641 /* Pods_DonateApp.framework */,
			);
			name = Frameworks;
			sourceTree = "<group>";
		};
		5C96C700FDD603D2DFF6E260 /* Pods */ = {
			isa = PBXGroup;
			children = (
				FB99CF7E70277FCAE56AE9BA /* Pods-DonateApp.debug.xcconfig */,
				43DC9E76B0808AD45B0DDCE2 /* Pods-DonateApp.release.xcconfig */,
			);
			name = Pods;
			sourceTree = "<group>";
		};
		614A96CA1BFCF56D00BD543A /* Controllers */ = {
			isa = PBXGroup;
			children = (
				6284E0D91C051E8C007A4CB1 /* MMExampleDrawerVisualStateManager.h */,
				6284E0DA1C051E8C007A4CB1 /* MMExampleDrawerVisualStateManager.m */,
				614FF1AC1C060235004C74E1 /* DONLocationController.h */,
				614FF1AD1C060235004C74E1 /* DONLocationController.m */,
			);
			name = Controllers;
			sourceTree = "<group>";
		};
		614A96D41BFE32CD00BD543A /* Enums */ = {
			isa = PBXGroup;
			children = (
				614A96D51BFE333B00BD543A /* DONSettingsEnum.h */,
			);
			name = Enums;
			path = "View Controllers";
			sourceTree = "<group>";
		};
		61C5745B1BFBC88F00D80141 = {
			isa = PBXGroup;
			children = (
				61C574661BFBC88F00D80141 /* DonateApp */,
				61C574651BFBC88F00D80141 /* Products */,
				5C96C700FDD603D2DFF6E260 /* Pods */,
				4F378F0A51C55C7601FEC699 /* Frameworks */,
			);
			sourceTree = "<group>";
		};
		61C574651BFBC88F00D80141 /* Products */ = {
			isa = PBXGroup;
			children = (
				61C574641BFBC88F00D80141 /* DonateApp.app */,
			);
			name = Products;
			sourceTree = "<group>";
		};
		61C574661BFBC88F00D80141 /* DonateApp */ = {
			isa = PBXGroup;
			children = (
				4B1101BC1C0F527900B8B59E /* video.mp4 */,
				4B2B21251C0CC7AC00DBCE23 /* DonateApp-Bridging-Header.h */,
				61C574731BFBC88F00D80141 /* Assets.xcassets */,
				61C574921BFBE7E100D80141 /* DONSecrets.h */,
				25881C201BFCE58A00C4E2AD /* DONSecrets.m */,
				61C5746A1BFBC88F00D80141 /* DONAppDelegate.h */,
				614A96C81BFCE74F00BD543A /* DONAppDelegate.m */,
				4B2B212E1C0CFE7300DBCE23 /* Login Process - Swift Files */,
				6237E0591BFBD28A00C5AD27 /* guangClasses */,
				61C574811BFBCB4F00D80141 /* Models */,
				61C574801BFBCB4500D80141 /* View Controllers */,
				614A96D41BFE32CD00BD543A /* Enums */,
				61C5747F1BFBCB4000D80141 /* Views */,
				614A96CA1BFCF56D00BD543A /* Controllers */,
				61C5747E1BFBCB1E00D80141 /* Storyboards */,
				61C574671BFBC88F00D80141 /* Supporting Files */,
			);
			path = DonateApp;
			sourceTree = "<group>";
		};
		61C574671BFBC88F00D80141 /* Supporting Files */ = {
			isa = PBXGroup;
			children = (
				61C574781BFBC88F00D80141 /* Info.plist */,
				61C574681BFBC88F00D80141 /* main.m */,
			);
			name = "Supporting Files";
			sourceTree = "<group>";
		};
		61C5747E1BFBCB1E00D80141 /* Storyboards */ = {
			isa = PBXGroup;
			children = (
				614A96C41BFCE72300BD543A /* LaunchScreen.storyboard */,
				614A96C51BFCE72300BD543A /* Main.storyboard */,
				61C574821BFBCBCB00D80141 /* Mickey.storyboard */,
				4B2B21231C0CC6E900DBCE23 /* Laurent.storyboard */,
				61C574841BFBCBD000D80141 /* Guang.storyboard */,
				61C574881BFBCBDA00D80141 /* Jon.storyboard */,
			);
			path = Storyboards;
			sourceTree = "<group>";
		};
		61C5747F1BFBCB4000D80141 /* Views */ = {
			isa = PBXGroup;
			children = (
				6236680B1C051C2200327A9D /* DONDrawerProfileView.h */,
				6236680C1C051C5400327A9D /* DONDrawerProfileView.m */,
				6284E0DC1C051EC2007A4CB1 /* DONItemStatsView.h */,
				6284E0DD1C051EC2007A4CB1 /* DONItemStatsView.m */,
				6284E0DE1C051EC2007A4CB1 /* DONViewItemButton.h */,
				6284E0DF1C051EC2007A4CB1 /* DONViewItemButton.m */,
				6284E0E01C051EC2007A4CB1 /* DONViewItemUserProfileView.h */,
				6284E0E11C051EC2007A4CB1 /* DONViewItemUserProfileView.m */,
				614FF1A91C05FE71004C74E1 /* DONViewItemDescriptionView.h */,
				614FF1AA1C05FE71004C74E1 /* DONViewItemDescriptionView.m */,
				614FF1AF1C069953004C74E1 /* DONViewItemMapView.h */,
				614FF1B01C069953004C74E1 /* DONViewItemMapView.m */,
				61DA474C1C10E74500A8B23A /* DONUserProfileItemCountView.h */,
				61DA474D1C10E74500A8B23A /* DONUserProfileItemCountView.m */,
			);
			name = Views;
			sourceTree = "<group>";
		};
		61C574801BFBCB4500D80141 /* View Controllers */ = {
			isa = PBXGroup;
			children = (
				259356CF1BFD3FA100F49474 /* DONAddItemViewController.h */,
				259356D01BFD3FA100F49474 /* DONAddItemViewController.m */,
				61C5748A1BFBCC2A00D80141 /* DONMainViewController.h */,
				61C5748B1BFBCC2A00D80141 /* DONMainViewController.m */,
				614A96CB1BFCF87D00BD543A /* DONUserProfileViewController.h */,
				614A96CC1BFCF87D00BD543A /* DONUserProfileViewController.m */,
				614A96CE1BFD2AF500BD543A /* DONUserSettingsTableViewController.h */,
				614A96CF1BFD2AF500BD543A /* DONUserSettingsTableViewController.m */,
				614A96D11BFE157000BD543A /* DONUserSettingsUpdateViewController.h */,
				614A96D21BFE157000BD543A /* DONUserSettingsUpdateViewController.m */,
				614A96D71BFE645400BD543A /* DONViewOtherUserProfileViewController.h */,
				614A96D81BFE645400BD543A /* DONViewOtherUserProfileViewController.m */,
				623668081C051BC700327A9D /* DONDrawerViewController.h */,
				623668091C051BC700327A9D /* DONDrawerViewController.m */,
				6284E0D31C051E57007A4CB1 /* DONItemViewController.h */,
				6284E0D41C051E57007A4CB1 /* DONItemViewController.m */,
				61DA47491C10B82100A8B23A /* DONProfileItemCollectionViewController.h */,
				61DA474A1C10B82100A8B23A /* DONProfileItemCollectionViewController.m */,
			);
			path = "View Controllers";
			sourceTree = "<group>";
		};
		61C574811BFBCB4F00D80141 /* Models */ = {
			isa = PBXGroup;
			children = (
				614B17521BFF61C40001D231 /* DONCategory.h */,
				614B17531BFF61C40001D231 /* DONCategory.m */,
				61C5748D1BFBE4C500D80141 /* DONUser.h */,
				61C5748E1BFBE4C500D80141 /* DONUser.m */,
				61C574931BFC273E00D80141 /* DONItem.h */,
				61C574941BFC273E00D80141 /* DONItem.m */,
				6284E0E51C051EDF007A4CB1 /* DONActivity.h */,
				6284E0E61C051EDF007A4CB1 /* DONActivity.m */,
			);
			path = Models;
			sourceTree = "<group>";
		};
		6237E0591BFBD28A00C5AD27 /* guangClasses */ = {
			isa = PBXGroup;
			children = (
				62B45AF81BFF6CDF0007D314 /* Settings.bundle */,
				6237E06C1BFCFFF900C5AD27 /* collectionScreen */,
				6284E0D61C051E70007A4CB1 /* DonGoogleMapViewController.h */,
				6284E0D71C051E70007A4CB1 /* DonGoogleMapViewController.m */,
				62B45AFD1BFF6E4F0007D314 /* guang.map.Storyboard */,
				6284E0F01C06A409007A4CB1 /* mapStuff */,
			);
			name = guangClasses;
			sourceTree = "<group>";
		};
		6237E06C1BFCFFF900C5AD27 /* collectionScreen */ = {
			isa = PBXGroup;
			children = (
				6237E05F1BFCD30500C5AD27 /* QueryCell.h */,
				6237E0601BFCD30500C5AD27 /* QueryCell.m */,
				62B45AF31BFE20480007D314 /* SearchCell.h */,
				62B45AF41BFE20480007D314 /* SearchCell.m */,
				6237E0651BFCFBD500C5AD27 /* DonQueryCollectionViewController.h */,
				6237E0661BFCFBD500C5AD27 /* DonQueryCollectionViewController.m */,
				6237E06A1BFCFFC600C5AD27 /* guang.collection.storyboard */,
				62697BE91C0CFDA2004455CD /* EmptySegue.h */,
				62697BEA1C0CFDA2004455CD /* EmptySegue.m */,
				62697BE61C0CFACC004455CD /* DonContainerViewController.h */,
				62697BE71C0CFACC004455CD /* DonContainerViewController.m */,
				62697BEC1C0D00DC004455CD /* DonCollectionViewController.h */,
				62697BED1C0D00DC004455CD /* DonCollectionViewController.m */,
				617E920F1C15F54D001CE84E /* DONCollectionViewDataModel.h */,
				617E92101C15F54D001CE84E /* DONCollectionViewDataModel.m */,
			);
			name = collectionScreen;
			sourceTree = "<group>";
		};

		6237E0741BFD357600C5AD27 /* icons */ = {
			isa = PBXGroup;
			children = (
				6247BE0D1C1630C800FDFD3D /* Don-icon */,
				6284E0EA1C051F4F007A4CB1 /* music.png */,
				6284E0E81C051F2C007A4CB1 /* furniture.png */,
				61F10EBD1C162D3900E3ED3F /* utensil.png */,
				61F10EBF1C162D5B00E3ED3F /* misc.png */,
				6284E0F71C06AD22007A4CB1 /* clara.jpg */,
				6247BDEB1C15DE5E00FDFD3D /* 1447907507_clothing_accesories_clothes_fabric-03.png */,
				6247BDEC1C15DE5E00FDFD3D /* book.png */,
				6247BDED1C15DE5E00FDFD3D /* clothing.png */,
				6247BDEE1C15DE5E00FDFD3D /* furniture.png */,
				6247BDEF1C15DE5E00FDFD3D /* misc.png */,
				6247BDF01C15DE5E00FDFD3D /* music.png */,
				6247BDF11C15DE5E00FDFD3D /* noun_20227_cc.png */,
				6247BDF21C15DE5E00FDFD3D /* noun_34134_cc.png */,
				6247BDF31C15DE5E00FDFD3D /* plant.png */,
				6247BDF41C15DE5E00FDFD3D /* utensil.png */,
				6247BE011C16274900FDFD3D /* electronics.png */,
				6247BDFF1C1625BD00FDFD3D /* household.png */,
				6247BE041C162A3E00FDFD3D /* instrument.png */,
				6247BE051C162A3E00FDFD3D /* game.png */,
				6247BE061C162A3E00FDFD3D /* household.png */,
				6247BE071C162A3E00FDFD3D /* sport.png */,
			);
			name = icons;
			sourceTree = "<group>";
		};

		6284E0F01C06A409007A4CB1 /* mapStuff */ = {
			isa = PBXGroup;
			children = (
				6284E0F41C06A49C007A4CB1 /* DonInfowindow.h */,
				6284E0F51C06A49C007A4CB1 /* DonInfowindow.m */,
				6284E0EE1C06876B007A4CB1 /* DonInfowindow.xib */,
			);
			name = mapStuff;
			sourceTree = "<group>";
		};
/* End PBXGroup section */

/* Begin PBXNativeTarget section */
		61C574631BFBC88F00D80141 /* DonateApp */ = {
			isa = PBXNativeTarget;
			buildConfigurationList = 61C5747B1BFBC88F00D80141 /* Build configuration list for PBXNativeTarget "DonateApp" */;
			buildPhases = (
				7A72976CF10CAC77A954DA0E /* Check Pods Manifest.lock */,
				61C574601BFBC88F00D80141 /* Sources */,
				61C574611BFBC88F00D80141 /* Frameworks */,
				61C574621BFBC88F00D80141 /* Resources */,
				A65BF0449CD1D927218C323F /* Copy Pods Resources */,
				0E30409399B4BF64849E3811 /* Embed Pods Frameworks */,
			);
			buildRules = (
			);
			dependencies = (
			);
			name = DonateApp;
			productName = DonateApp;
			productReference = 61C574641BFBC88F00D80141 /* DonateApp.app */;
			productType = "com.apple.product-type.application";
		};
/* End PBXNativeTarget section */

/* Begin PBXProject section */
		61C5745C1BFBC88F00D80141 /* Project object */ = {
			isa = PBXProject;
			attributes = {
				LastUpgradeCheck = 0710;
				ORGANIZATIONNAME = Rolodex;
				TargetAttributes = {
					61C574631BFBC88F00D80141 = {
						CreatedOnToolsVersion = 7.1;
						DevelopmentTeam = 57675254DH;
					};
				};
			};
			buildConfigurationList = 61C5745F1BFBC88F00D80141 /* Build configuration list for PBXProject "DonateApp" */;
			compatibilityVersion = "Xcode 3.2";
			developmentRegion = English;
			hasScannedForEncodings = 0;
			knownRegions = (
				en,
				Base,
			);
			mainGroup = 61C5745B1BFBC88F00D80141;
			productRefGroup = 61C574651BFBC88F00D80141 /* Products */;
			projectDirPath = "";
			projectRoot = "";
			targets = (
				61C574631BFBC88F00D80141 /* DonateApp */,
			);
		};
/* End PBXProject section */

/* Begin PBXResourcesBuildPhase section */
		61C574621BFBC88F00D80141 /* Resources */ = {
			isa = PBXResourcesBuildPhase;
			buildActionMask = 2147483647;
			files = (
				6237E06B1BFCFFC600C5AD27 /* guang.collection.storyboard in Resources */,

				6247BE0B1C162A3E00FDFD3D /* household.png in Resources */,
				6247BE021C16274900FDFD3D /* electronics.png in Resources */,
				6247BDF51C15DE5E00FDFD3D /* 1447907507_clothing_accesories_clothes_fabric-03.png in Resources */,
				6284E0EB1C051F4F007A4CB1 /* music.png in Resources */,
				6284E0E91C051F2C007A4CB1 /* furniture.png in Resources */,

				4B1101BD1C0F527900B8B59E /* video.mp4 in Resources */,
				4B2B21241C0CC6E900DBCE23 /* Laurent.storyboard in Resources */,
				6237E06B1BFCFFC600C5AD27 /* guang.collection.storyboard in Resources */,

				6284E0EF1C06876B007A4CB1 /* DonInfowindow.xib in Resources */,
				62B45AF91BFF6CDF0007D314 /* Settings.bundle in Resources */,
				614A96C71BFCE72300BD543A /* Main.storyboard in Resources */,
				62B45AFE1BFF6E4F0007D314 /* guang.map.Storyboard in Resources */,
				61C574891BFBCBDA00D80141 /* Jon.storyboard in Resources */,
				61C574851BFBCBD000D80141 /* Guang.storyboard in Resources */,
				614A96C61BFCE72300BD543A /* LaunchScreen.storyboard in Resources */,
				61C574741BFBC88F00D80141 /* Assets.xcassets in Resources */,
				61C574831BFBCBCB00D80141 /* Mickey.storyboard in Resources */,
			);
			runOnlyForDeploymentPostprocessing = 0;
		};
/* End PBXResourcesBuildPhase section */

/* Begin PBXShellScriptBuildPhase section */
		0E30409399B4BF64849E3811 /* Embed Pods Frameworks */ = {
			isa = PBXShellScriptBuildPhase;
			buildActionMask = 2147483647;
			files = (
			);
			inputPaths = (
			);
			name = "Embed Pods Frameworks";
			outputPaths = (
			);
			runOnlyForDeploymentPostprocessing = 0;
			shellPath = /bin/sh;
			shellScript = "\"${SRCROOT}/Pods/Target Support Files/Pods-DonateApp/Pods-DonateApp-frameworks.sh\"\n";
			showEnvVarsInLog = 0;
		};
		7A72976CF10CAC77A954DA0E /* Check Pods Manifest.lock */ = {
			isa = PBXShellScriptBuildPhase;
			buildActionMask = 2147483647;
			files = (
			);
			inputPaths = (
			);
			name = "Check Pods Manifest.lock";
			outputPaths = (
			);
			runOnlyForDeploymentPostprocessing = 0;
			shellPath = /bin/sh;
			shellScript = "diff \"${PODS_ROOT}/../Podfile.lock\" \"${PODS_ROOT}/Manifest.lock\" > /dev/null\nif [[ $? != 0 ]] ; then\n    cat << EOM\nerror: The sandbox is not in sync with the Podfile.lock. Run 'pod install' or update your CocoaPods installation.\nEOM\n    exit 1\nfi\n";
			showEnvVarsInLog = 0;
		};
		A65BF0449CD1D927218C323F /* Copy Pods Resources */ = {
			isa = PBXShellScriptBuildPhase;
			buildActionMask = 2147483647;
			files = (
			);
			inputPaths = (
			);
			name = "Copy Pods Resources";
			outputPaths = (
			);
			runOnlyForDeploymentPostprocessing = 0;
			shellPath = /bin/sh;
			shellScript = "\"${SRCROOT}/Pods/Target Support Files/Pods-DonateApp/Pods-DonateApp-resources.sh\"\n";
			showEnvVarsInLog = 0;
		};
/* End PBXShellScriptBuildPhase section */

/* Begin PBXSourcesBuildPhase section */
		61C574601BFBC88F00D80141 /* Sources */ = {
			isa = PBXSourcesBuildPhase;
			buildActionMask = 2147483647;
			files = (
				614FF1AE1C060235004C74E1 /* DONLocationController.m in Sources */,
				6284E0DB1C051E8C007A4CB1 /* MMExampleDrawerVisualStateManager.m in Sources */,
				62697BE81C0CFACC004455CD /* DonContainerViewController.m in Sources */,
				6237E0611BFCD30500C5AD27 /* QueryCell.m in Sources */,
				6284E0D81C051E70007A4CB1 /* DonGoogleMapViewController.m in Sources */,
				614A96D31BFE157000BD543A /* DONUserSettingsUpdateViewController.m in Sources */,
				6284E0E31C051EC2007A4CB1 /* DONViewItemButton.m in Sources */,
				6284E0E71C051EDF007A4CB1 /* DONActivity.m in Sources */,
				6237E0671BFCFBD500C5AD27 /* DonQueryCollectionViewController.m in Sources */,
				6284E0E21C051EC2007A4CB1 /* DONItemStatsView.m in Sources */,
				614B17541BFF61C40001D231 /* DONCategory.m in Sources */,
				259356CE1BFD3E8D00F49474 /* DONSecrets.m in Sources */,
				614A96C91BFCE74F00BD543A /* DONAppDelegate.m in Sources */,
				614FF1B11C069953004C74E1 /* DONViewItemMapView.m in Sources */,
				61DA474B1C10B82100A8B23A /* DONProfileItemCollectionViewController.m in Sources */,
				61C574951BFC273E00D80141 /* DONItem.m in Sources */,
				617E92111C15F54D001CE84E /* DONCollectionViewDataModel.m in Sources */,
				61C5748F1BFBE4C500D80141 /* DONUser.m in Sources */,
				61DA474E1C10E74500A8B23A /* DONUserProfileItemCountView.m in Sources */,
				614A96CD1BFCF87D00BD543A /* DONUserProfileViewController.m in Sources */,
				614A96D91BFE645400BD543A /* DONViewOtherUserProfileViewController.m in Sources */,
				62697BEB1C0CFDA2004455CD /* EmptySegue.m in Sources */,
				6236680D1C051C5400327A9D /* DONDrawerProfileView.m in Sources */,
				614FF1AB1C05FE71004C74E1 /* DONViewItemDescriptionView.m in Sources */,
				61C5748C1BFBCC2A00D80141 /* DONMainViewController.m in Sources */,
				61C574691BFBC88F00D80141 /* main.m in Sources */,
				62B45AF51BFE20480007D314 /* SearchCell.m in Sources */,
				4B2B212D1C0CC7AC00DBCE23 /* DONSignUpScreenViewController.swift in Sources */,
				259356D11BFD3FA100F49474 /* DONAddItemViewController.m in Sources */,
				62697BEE1C0D00DC004455CD /* DonCollectionViewController.m in Sources */,
				614A96D01BFD2AF500BD543A /* DONUserSettingsTableViewController.m in Sources */,
				6236680A1C051BC700327A9D /* DONDrawerViewController.m in Sources */,
				4B2B212A1C0CC7AC00DBCE23 /* DONWelcomeScreenViewController.swift in Sources */,
				6284E0F61C06A49C007A4CB1 /* DonInfowindow.m in Sources */,
				6284E0E41C051EC2007A4CB1 /* DONViewItemUserProfileView.m in Sources */,
				614A96D61BFE333B00BD543A /* DONSettingsEnum.h in Sources */,
				4B2B212B1C0CC7AC00DBCE23 /* DONForgetPasswordViewController.swift in Sources */,
				6284E0D51C051E57007A4CB1 /* DONItemViewController.m in Sources */,
			);
			runOnlyForDeploymentPostprocessing = 0;
		};
/* End PBXSourcesBuildPhase section */

/* Begin XCBuildConfiguration section */
		61C574791BFBC88F00D80141 /* Debug */ = {
			isa = XCBuildConfiguration;
			buildSettings = {
				ALWAYS_SEARCH_USER_PATHS = NO;
				CLANG_CXX_LANGUAGE_STANDARD = "gnu++0x";
				CLANG_CXX_LIBRARY = "libc++";
				CLANG_ENABLE_MODULES = YES;
				CLANG_ENABLE_OBJC_ARC = YES;
				CLANG_WARN_BOOL_CONVERSION = YES;
				CLANG_WARN_CONSTANT_CONVERSION = YES;
				CLANG_WARN_DIRECT_OBJC_ISA_USAGE = YES_ERROR;
				CLANG_WARN_EMPTY_BODY = YES;
				CLANG_WARN_ENUM_CONVERSION = YES;
				CLANG_WARN_INT_CONVERSION = YES;
				CLANG_WARN_OBJC_ROOT_CLASS = YES_ERROR;
				CLANG_WARN_UNREACHABLE_CODE = YES;
				CLANG_WARN__DUPLICATE_METHOD_MATCH = YES;
				"CODE_SIGN_IDENTITY[sdk=iphoneos*]" = "iPhone Developer";
				COPY_PHASE_STRIP = NO;
				DEBUG_INFORMATION_FORMAT = dwarf;
				ENABLE_STRICT_OBJC_MSGSEND = YES;
				ENABLE_TESTABILITY = YES;
				GCC_C_LANGUAGE_STANDARD = gnu99;
				GCC_DYNAMIC_NO_PIC = NO;
				GCC_NO_COMMON_BLOCKS = YES;
				GCC_OPTIMIZATION_LEVEL = 0;
				GCC_PREPROCESSOR_DEFINITIONS = (
					"DEBUG=1",
					"$(inherited)",
				);
				GCC_WARN_64_TO_32_BIT_CONVERSION = YES;
				GCC_WARN_ABOUT_RETURN_TYPE = YES_ERROR;
				GCC_WARN_UNDECLARED_SELECTOR = YES;
				GCC_WARN_UNINITIALIZED_AUTOS = YES_AGGRESSIVE;
				GCC_WARN_UNUSED_FUNCTION = YES;
				GCC_WARN_UNUSED_VARIABLE = YES;
				IPHONEOS_DEPLOYMENT_TARGET = 9.1;
				MTL_ENABLE_DEBUG_INFO = YES;
				ONLY_ACTIVE_ARCH = YES;
				SDKROOT = iphoneos;
			};
			name = Debug;
		};
		61C5747A1BFBC88F00D80141 /* Release */ = {
			isa = XCBuildConfiguration;
			buildSettings = {
				ALWAYS_SEARCH_USER_PATHS = NO;
				CLANG_CXX_LANGUAGE_STANDARD = "gnu++0x";
				CLANG_CXX_LIBRARY = "libc++";
				CLANG_ENABLE_MODULES = YES;
				CLANG_ENABLE_OBJC_ARC = YES;
				CLANG_WARN_BOOL_CONVERSION = YES;
				CLANG_WARN_CONSTANT_CONVERSION = YES;
				CLANG_WARN_DIRECT_OBJC_ISA_USAGE = YES_ERROR;
				CLANG_WARN_EMPTY_BODY = YES;
				CLANG_WARN_ENUM_CONVERSION = YES;
				CLANG_WARN_INT_CONVERSION = YES;
				CLANG_WARN_OBJC_ROOT_CLASS = YES_ERROR;
				CLANG_WARN_UNREACHABLE_CODE = YES;
				CLANG_WARN__DUPLICATE_METHOD_MATCH = YES;
				"CODE_SIGN_IDENTITY[sdk=iphoneos*]" = "iPhone Developer";
				COPY_PHASE_STRIP = NO;
				DEBUG_INFORMATION_FORMAT = "dwarf-with-dsym";
				ENABLE_NS_ASSERTIONS = NO;
				ENABLE_STRICT_OBJC_MSGSEND = YES;
				GCC_C_LANGUAGE_STANDARD = gnu99;
				GCC_NO_COMMON_BLOCKS = YES;
				GCC_WARN_64_TO_32_BIT_CONVERSION = YES;
				GCC_WARN_ABOUT_RETURN_TYPE = YES_ERROR;
				GCC_WARN_UNDECLARED_SELECTOR = YES;
				GCC_WARN_UNINITIALIZED_AUTOS = YES_AGGRESSIVE;
				GCC_WARN_UNUSED_FUNCTION = YES;
				GCC_WARN_UNUSED_VARIABLE = YES;
				IPHONEOS_DEPLOYMENT_TARGET = 9.1;
				MTL_ENABLE_DEBUG_INFO = NO;
				SDKROOT = iphoneos;
				VALIDATE_PRODUCT = YES;
			};
			name = Release;
		};
		61C5747C1BFBC88F00D80141 /* Debug */ = {
			isa = XCBuildConfiguration;
			baseConfigurationReference = FB99CF7E70277FCAE56AE9BA /* Pods-DonateApp.debug.xcconfig */;
			buildSettings = {
				ASSETCATALOG_COMPILER_APPICON_NAME = AppIcon;
				CLANG_ENABLE_MODULES = YES;
				CODE_SIGN_IDENTITY = "iPhone Developer";
				"CODE_SIGN_IDENTITY[sdk=iphoneos*]" = "iPhone Developer";
				ENABLE_BITCODE = NO;
				INFOPLIST_FILE = DonateApp/Info.plist;
				IPHONEOS_DEPLOYMENT_TARGET = 9.1;
				LD_RUNPATH_SEARCH_PATHS = "$(inherited) @executable_path/Frameworks";
				PRODUCT_BUNDLE_IDENTIFIER = Rdex.DonateApp;
				PRODUCT_NAME = "$(TARGET_NAME)";
				PROVISIONING_PROFILE = "";
				SWIFT_OBJC_BRIDGING_HEADER = "DonateApp/DonateApp-Bridging-Header.h";
				SWIFT_OPTIMIZATION_LEVEL = "-Onone";
				TARGETED_DEVICE_FAMILY = 1;
			};
			name = Debug;
		};
		61C5747D1BFBC88F00D80141 /* Release */ = {
			isa = XCBuildConfiguration;
			baseConfigurationReference = 43DC9E76B0808AD45B0DDCE2 /* Pods-DonateApp.release.xcconfig */;
			buildSettings = {
				ASSETCATALOG_COMPILER_APPICON_NAME = AppIcon;
				CLANG_ENABLE_MODULES = YES;
				CODE_SIGN_IDENTITY = "iPhone Developer";
				"CODE_SIGN_IDENTITY[sdk=iphoneos*]" = "iPhone Developer";
				ENABLE_BITCODE = NO;
				INFOPLIST_FILE = DonateApp/Info.plist;
				IPHONEOS_DEPLOYMENT_TARGET = 9.1;
				LD_RUNPATH_SEARCH_PATHS = "$(inherited) @executable_path/Frameworks";
				PRODUCT_BUNDLE_IDENTIFIER = Rdex.DonateApp;
				PRODUCT_NAME = "$(TARGET_NAME)";
				PROVISIONING_PROFILE = "";
				SWIFT_OBJC_BRIDGING_HEADER = "DonateApp/DonateApp-Bridging-Header.h";
				TARGETED_DEVICE_FAMILY = 1;
			};
			name = Release;
		};
/* End XCBuildConfiguration section */

/* Begin XCConfigurationList section */
		61C5745F1BFBC88F00D80141 /* Build configuration list for PBXProject "DonateApp" */ = {
			isa = XCConfigurationList;
			buildConfigurations = (
				61C574791BFBC88F00D80141 /* Debug */,
				61C5747A1BFBC88F00D80141 /* Release */,
			);
			defaultConfigurationIsVisible = 0;
			defaultConfigurationName = Release;
		};
		61C5747B1BFBC88F00D80141 /* Build configuration list for PBXNativeTarget "DonateApp" */ = {
			isa = XCConfigurationList;
			buildConfigurations = (
				61C5747C1BFBC88F00D80141 /* Debug */,
				61C5747D1BFBC88F00D80141 /* Release */,
			);
			defaultConfigurationIsVisible = 0;
			defaultConfigurationName = Release;
		};
/* End XCConfigurationList section */
	};
	rootObject = 61C5745C1BFBC88F00D80141 /* Project object */;
}
